
Microsoft Visual Studio Solution File, Format Version 12.00
# Visual Studio Version 17
VisualStudioVersion = 17.0.31903.59
MinimumVisualStudioVersion = 10.0.40219.1
Project("{FAE04EC0-301F-11D3-BF4B-00C04F79EFBC}") = "MiniGame", "MiniGame\MiniGame.csproj", "{BA25F500-F006-446E-8FBB-B2F73F4A3E24}"
EndProject
Project("{FAE04EC0-301F-11D3-BF4B-00C04F79EFBC}") = "ClassVsStruct", "ClassVsStruct\ClassVsStruct.csproj", "{79365774-C037-4BB7-A286-792C551CEDD1}"
EndProject
Project("{FAE04EC0-301F-11D3-BF4B-00C04F79EFBC}") = "StructWithRef", "StructWithRef\StructWithRef.csproj", "{54491077-421F-4EB0-AF2F-50521172EADD}"
EndProject
Project("{FAE04EC0-301F-11D3-BF4B-00C04F79EFBC}") = "Polimorfismo", "Polimorfismo\Polimorfismo.csproj", "{435AA95E-B6D2-4852-90FA-5F85786980E6}"
EndProject
Project("{FAE04EC0-301F-11D3-BF4B-00C04F79EFBC}") = "GameUnits", "GameUnits\GameUnits.csproj", "{D7A779B0-3FF4-44B3-9B90-44D332EC6CEB}"
EndProject
Project("{FAE04EC0-301F-11D3-BF4B-00C04F79EFBC}") = "OverrideVsNew", "OverrideVsNew\OverrideVsNew.csproj", "{356F868D-2F87-4477-A0DA-1A15FCD647D5}"
EndProject
Global
	GlobalSection(SolutionConfigurationPlatforms) = preSolution
		Debug|Any CPU = Debug|Any CPU
		Release|Any CPU = Release|Any CPU
	EndGlobalSection
	GlobalSection(SolutionProperties) = preSolution
		HideSolutionNode = FALSE
	EndGlobalSection
	GlobalSection(ProjectConfigurationPlatforms) = postSolution
		{BA25F500-F006-446E-8FBB-B2F73F4A3E24}.Debug|Any CPU.ActiveCfg = Debug|Any CPU
		{BA25F500-F006-446E-8FBB-B2F73F4A3E24}.Debug|Any CPU.Build.0 = Debug|Any CPU
		{BA25F500-F006-446E-8FBB-B2F73F4A3E24}.Release|Any CPU.ActiveCfg = Release|Any CPU
		{BA25F500-F006-446E-8FBB-B2F73F4A3E24}.Release|Any CPU.Build.0 = Release|Any CPU
		{79365774-C037-4BB7-A286-792C551CEDD1}.Debug|Any CPU.ActiveCfg = Debug|Any CPU
		{79365774-C037-4BB7-A286-792C551CEDD1}.Debug|Any CPU.Build.0 = Debug|Any CPU
		{79365774-C037-4BB7-A286-792C551CEDD1}.Release|Any CPU.ActiveCfg = Release|Any CPU
		{79365774-C037-4BB7-A286-792C551CEDD1}.Release|Any CPU.Build.0 = Release|Any CPU
		{54491077-421F-4EB0-AF2F-50521172EADD}.Debug|Any CPU.ActiveCfg = Debug|Any CPU
		{54491077-421F-4EB0-AF2F-50521172EADD}.Debug|Any CPU.Build.0 = Debug|Any CPU
		{54491077-421F-4EB0-AF2F-50521172EADD}.Release|Any CPU.ActiveCfg = Release|Any CPU
		{54491077-421F-4EB0-AF2F-50521172EADD}.Release|Any CPU.Build.0 = Release|Any CPU
		{435AA95E-B6D2-4852-90FA-5F85786980E6}.Debug|Any CPU.ActiveCfg = Debug|Any CPU
		{435AA95E-B6D2-4852-90FA-5F85786980E6}.Debug|Any CPU.Build.0 = Debug|Any CPU
		{435AA95E-B6D2-4852-90FA-5F85786980E6}.Release|Any CPU.ActiveCfg = Release|Any CPU
		{435AA95E-B6D2-4852-90FA-5F85786980E6}.Release|Any CPU.Build.0 = Release|Any CPU
		{D7A779B0-3FF4-44B3-9B90-44D332EC6CEB}.Debug|Any CPU.ActiveCfg = Debug|Any CPU
		{D7A779B0-3FF4-44B3-9B90-44D332EC6CEB}.Debug|Any CPU.Build.0 = Debug|Any CPU
		{D7A779B0-3FF4-44B3-9B90-44D332EC6CEB}.Release|Any CPU.ActiveCfg = Release|Any CPU
		{D7A779B0-3FF4-44B3-9B90-44D332EC6CEB}.Release|Any CPU.Build.0 = Release|Any CPU
		{356F868D-2F87-4477-A0DA-1A15FCD647D5}.Debug|Any CPU.ActiveCfg = Debug|Any CPU
		{356F868D-2F87-4477-A0DA-1A15FCD647D5}.Debug|Any CPU.Build.0 = Debug|Any CPU
		{356F868D-2F87-4477-A0DA-1A15FCD647D5}.Release|Any CPU.ActiveCfg = Release|Any CPU
		{356F868D-2F87-4477-A0DA-1A15FCD647D5}.Release|Any CPU.Build.0 = Release|Any CPU
	EndGlobalSection
EndGlobal
